{
  "object": {
    "pins": [
      {
        "package": "swift-aws-lambda-runtime",
        "repositoryURL": "https://github.com/swift-server/swift-aws-lambda-runtime.git",
        "state": {
          "branch": null,
          "revision": "75d05ca9548bbee6dd80c6b23b68bdb60dbc84a2",
          "version": "0.1.0"
        }
      },
      {
        "package": "swift-backtrace",
        "repositoryURL": "https://github.com/swift-server/swift-backtrace.git",
        "state": {
          "branch": null,
          "revision": "f2fd8c4845a123419c348e0bc4b3839c414077d5",
          "version": "1.2.0"
        }
      },
      {
        "package": "swift-log",
        "repositoryURL": "https://github.com/apple/swift-log.git",
        "state": {
          "branch": null,
          "revision": "74d7b91ceebc85daf387ebb206003f78813f71aa",
          "version": "1.2.0"
        }
      },
      {
        "package": "swift-nio",
        "repositoryURL": "https://github.com/apple/swift-nio.git",
        "state": {
          "branch": null,
          "revision": "c5fa0b456524cd73dc3ddbb263d4f46c20b86ca3",
          "version": "2.17.0"
        }
      }
    ]
  },
  "version": 1
}
